
Microsoft Visual Studio Solution File, Format Version 12.00
# Visual Studio Version 17
VisualStudioVersion = 17.14.36408.4 d17.14
MinimumVisualStudioVersion = 10.0.40219.1
Project("{FAE04EC0-301F-11D3-BF4B-00C04F79EFBC}") = "SmartRouteOptimizer.Api", "SmartRouteOptimizer.Api.csproj", "{A224DE23-E4BF-4C45-A3C7-1B5BB47DD5B9}"
EndProject
Global
	GlobalSection(SolutionConfigurationPlatforms) = preSolution
		Debug|Any CPU = Debug|Any CPU
		Release|Any CPU = Release|Any CPU
	EndGlobalSection
	GlobalSection(ProjectConfigurationPlatforms) = postSolution
		{A224DE23-E4BF-4C45-A3C7-1B5BB47DD5B9}.Debug|Any CPU.ActiveCfg = Debug|Any CPU
		{A224DE23-E4BF-4C45-A3C7-1B5BB47DD5B9}.Debug|Any CPU.Build.0 = Debug|Any CPU
		{A224DE23-E4BF-4C45-A3C7-1B5BB47DD5B9}.Release|Any CPU.ActiveCfg = Release|Any CPU
		{A224DE23-E4BF-4C45-A3C7-1B5BB47DD5B9}.Release|Any CPU.Build.0 = Release|Any CPU
	EndGlobalSection
	GlobalSection(SolutionProperties) = preSolution
		HideSolutionNode = FALSE
	EndGlobalSection
	GlobalSection(ExtensibilityGlobals) = postSolution
		SolutionGuid = {A438D18E-000D-46CE-8588-6C8B262AF97E}
	EndGlobalSection
EndGlobal
